
Microsoft Visual Studio Solution File, Format Version 12.00
# Visual Studio 15
VisualStudioVersion = 15.0.27004.2002
MinimumVisualStudioVersion = 10.0.40219.1
Project("{2150E333-8FDC-42A3-9474-1A3956D46DE8}") = "Feature", "Feature", "{03AF4105-CC90-4B5E-BF84-6ED97D25AEC6}"
EndProject
Project("{2150E333-8FDC-42A3-9474-1A3956D46DE8}") = "Project", "Project", "{11CE9532-6F51-439B-8D64-EE5DE6386D6D}"
EndProject
Project("{2150E333-8FDC-42A3-9474-1A3956D46DE8}") = "Foundation", "Foundation", "{B8F820DA-BED2-451B-853D-B5C6244613AC}"
EndProject
Project("{2150E333-8FDC-42A3-9474-1A3956D46DE8}") = "SitecoreExtensions", "SitecoreExtensions", "{356E9102-C58B-413D-AF60-DC35BB2B7F76}"
EndProject
Project("{2150E333-8FDC-42A3-9474-1A3956D46DE8}") = "Styles", "Styles", "{7202AE62-4818-4A84-A616-DBF4F707278C}"
EndProject
Project("{2150E333-8FDC-42A3-9474-1A3956D46DE8}") = "Media", "Media", "{6DE18A9D-17B5-4C0A-90B6-AFB9CD3E5173}"
EndProject
Project("{2150E333-8FDC-42A3-9474-1A3956D46DE8}") = "Configuration", "Configuration", "{0543C401-57A3-498E-998D-CD5CBBA4A807}"
EndProject
Project("{FAE04EC0-301F-11D3-BF4B-00C04F79EFBC}") = "SitecoreDev.Foundation.SitecoreExtensions", "Foundation\SitecoreExtensions\SitecoreDev.Foundation.SitecoreExtensions\SitecoreDev.Foundation.SitecoreExtensions.csproj", "{75875F7B-D446-4B71-915D-B29FAF201DB2}"
EndProject
Project("{FAE04EC0-301F-11D3-BF4B-00C04F79EFBC}") = "SitecoreDev.Foundation.Styles", "Foundation\Styles\SitecoreDev.Foundation.Styles\SitecoreDev.Foundation.Styles.csproj", "{A1F2D2B0-228F-4D55-AECE-425D06DAE8E0}"
EndProject
Project("{FAE04EC0-301F-11D3-BF4B-00C04F79EFBC}") = "SitecoreDev.Feature.Media", "Feature\Media\SitecoreDev.Feature.Media\SitecoreDev.Feature.Media.csproj", "{EF9D6402-9671-4C88-9DCD-B375F4318B45}"
EndProject
Project("{2150E333-8FDC-42A3-9474-1A3956D46DE8}") = "Articles", "Articles", "{68D222BB-FD95-4A4C-82AC-D2F27E17D7D7}"
EndProject
Project("{FAE04EC0-301F-11D3-BF4B-00C04F79EFBC}") = "SitecoreDev.Feature.Articles", "Feature\Articles\SitecoreDev.Feature.Articles\SitecoreDev.Feature.Articles.csproj", "{0469A6BA-A29F-401E-8B6A-422B21806E8A}"
EndProject
Project("{2150E333-8FDC-42A3-9474-1A3956D46DE8}") = "Orm", "Orm", "{35E4C354-F579-4A94-BBCB-886EFFF2D001}"
EndProject
Project("{FAE04EC0-301F-11D3-BF4B-00C04F79EFBC}") = "SitecoreDev.Foundation.Orm", "Foundation\Orm\SitecoreDev.Foundation.Orm\SitecoreDev.Foundation.Orm.csproj", "{8E17C4AB-2246-4112-B612-4A176D5BD49B}"
EndProject
Project("{2150E333-8FDC-42A3-9474-1A3956D46DE8}") = "Model", "Model", "{71651750-FB0C-470F-99E2-E9ABDEFC5765}"
EndProject
Project("{FAE04EC0-301F-11D3-BF4B-00C04F79EFBC}") = "SitecoreDev.Foundation.Model", "Foundation\Model\SitecoreDev.Foundation.Model\SitecoreDev.Foundation.Model.csproj", "{B8A2D162-E223-4148-BD33-833522608E5A}"
EndProject
Project("{2150E333-8FDC-42A3-9474-1A3956D46DE8}") = "Repository", "Repository", "{939234A2-891D-41C6-94C6-8D9D3D0E53DC}"
EndProject
Project("{FAE04EC0-301F-11D3-BF4B-00C04F79EFBC}") = "SitecoreDev.Foundation.Repository", "Foundation\Repository\SitecoreDev.Foundation.Repository\SitecoreDev.Foundation.Repository.csproj", "{24385628-DC05-4C47-AADB-20C3DA465DD3}"
EndProject
Project("{2150E333-8FDC-42A3-9474-1A3956D46DE8}") = "IoC", "IoC", "{539AE89E-A250-4A05-807C-CD3B2D8E5537}"
EndProject
Project("{FAE04EC0-301F-11D3-BF4B-00C04F79EFBC}") = "SitecoreDev.Foundation.Ioc", "Foundation\IoC\SitecoreDev.Foundation.Ioc\SitecoreDev.Foundation.Ioc.csproj", "{BAE974A9-044E-4BDA-9A14-97C087F0EC6A}"
EndProject
Project("{2150E333-8FDC-42A3-9474-1A3956D46DE8}") = "SitecoreDev", "SitecoreDev", "{CA2B4F3F-2F4F-417C-B570-F54EDDFEC23B}"
EndProject
Project("{FAE04EC0-301F-11D3-BF4B-00C04F79EFBC}") = "SitecoreDev.Website", "Project\SitecoreDev\SitecoreDev.Website\SitecoreDev.Website.csproj", "{FE303C04-0DDE-45AD-ABDB-138A174DF81B}"
EndProject
Global
	GlobalSection(SolutionConfigurationPlatforms) = preSolution
		Debug|Any CPU = Debug|Any CPU
		Release|Any CPU = Release|Any CPU
	EndGlobalSection
	GlobalSection(ProjectConfigurationPlatforms) = postSolution
		{75875F7B-D446-4B71-915D-B29FAF201DB2}.Debug|Any CPU.ActiveCfg = Debug|Any CPU
		{75875F7B-D446-4B71-915D-B29FAF201DB2}.Debug|Any CPU.Build.0 = Debug|Any CPU
		{75875F7B-D446-4B71-915D-B29FAF201DB2}.Release|Any CPU.ActiveCfg = Release|Any CPU
		{75875F7B-D446-4B71-915D-B29FAF201DB2}.Release|Any CPU.Build.0 = Release|Any CPU
		{A1F2D2B0-228F-4D55-AECE-425D06DAE8E0}.Debug|Any CPU.ActiveCfg = Debug|Any CPU
		{A1F2D2B0-228F-4D55-AECE-425D06DAE8E0}.Debug|Any CPU.Build.0 = Debug|Any CPU
		{A1F2D2B0-228F-4D55-AECE-425D06DAE8E0}.Release|Any CPU.ActiveCfg = Release|Any CPU
		{A1F2D2B0-228F-4D55-AECE-425D06DAE8E0}.Release|Any CPU.Build.0 = Release|Any CPU
		{EF9D6402-9671-4C88-9DCD-B375F4318B45}.Debug|Any CPU.ActiveCfg = Debug|Any CPU
		{EF9D6402-9671-4C88-9DCD-B375F4318B45}.Debug|Any CPU.Build.0 = Debug|Any CPU
		{EF9D6402-9671-4C88-9DCD-B375F4318B45}.Release|Any CPU.ActiveCfg = Release|Any CPU
		{EF9D6402-9671-4C88-9DCD-B375F4318B45}.Release|Any CPU.Build.0 = Release|Any CPU
		{0469A6BA-A29F-401E-8B6A-422B21806E8A}.Debug|Any CPU.ActiveCfg = Debug|Any CPU
		{0469A6BA-A29F-401E-8B6A-422B21806E8A}.Debug|Any CPU.Build.0 = Debug|Any CPU
		{0469A6BA-A29F-401E-8B6A-422B21806E8A}.Release|Any CPU.ActiveCfg = Release|Any CPU
		{0469A6BA-A29F-401E-8B6A-422B21806E8A}.Release|Any CPU.Build.0 = Release|Any CPU
		{8E17C4AB-2246-4112-B612-4A176D5BD49B}.Debug|Any CPU.ActiveCfg = Debug|Any CPU
		{8E17C4AB-2246-4112-B612-4A176D5BD49B}.Debug|Any CPU.Build.0 = Debug|Any CPU
		{8E17C4AB-2246-4112-B612-4A176D5BD49B}.Release|Any CPU.ActiveCfg = Release|Any CPU
		{8E17C4AB-2246-4112-B612-4A176D5BD49B}.Release|Any CPU.Build.0 = Release|Any CPU
		{B8A2D162-E223-4148-BD33-833522608E5A}.Debug|Any CPU.ActiveCfg = Debug|Any CPU
		{B8A2D162-E223-4148-BD33-833522608E5A}.Debug|Any CPU.Build.0 = Debug|Any CPU
		{B8A2D162-E223-4148-BD33-833522608E5A}.Release|Any CPU.ActiveCfg = Release|Any CPU
		{B8A2D162-E223-4148-BD33-833522608E5A}.Release|Any CPU.Build.0 = Release|Any CPU
		{24385628-DC05-4C47-AADB-20C3DA465DD3}.Debug|Any CPU.ActiveCfg = Debug|Any CPU
		{24385628-DC05-4C47-AADB-20C3DA465DD3}.Debug|Any CPU.Build.0 = Debug|Any CPU
		{24385628-DC05-4C47-AADB-20C3DA465DD3}.Release|Any CPU.ActiveCfg = Release|Any CPU
		{24385628-DC05-4C47-AADB-20C3DA465DD3}.Release|Any CPU.Build.0 = Release|Any CPU
		{BAE974A9-044E-4BDA-9A14-97C087F0EC6A}.Debug|Any CPU.ActiveCfg = Debug|Any CPU
		{BAE974A9-044E-4BDA-9A14-97C087F0EC6A}.Debug|Any CPU.Build.0 = Debug|Any CPU
		{BAE974A9-044E-4BDA-9A14-97C087F0EC6A}.Release|Any CPU.ActiveCfg = Release|Any CPU
		{BAE974A9-044E-4BDA-9A14-97C087F0EC6A}.Release|Any CPU.Build.0 = Release|Any CPU
		{FE303C04-0DDE-45AD-ABDB-138A174DF81B}.Debug|Any CPU.ActiveCfg = Debug|Any CPU
		{FE303C04-0DDE-45AD-ABDB-138A174DF81B}.Debug|Any CPU.Build.0 = Debug|Any CPU
		{FE303C04-0DDE-45AD-ABDB-138A174DF81B}.Release|Any CPU.ActiveCfg = Release|Any CPU
		{FE303C04-0DDE-45AD-ABDB-138A174DF81B}.Release|Any CPU.Build.0 = Release|Any CPU
	EndGlobalSection
	GlobalSection(SolutionProperties) = preSolution
		HideSolutionNode = FALSE
	EndGlobalSection
	GlobalSection(NestedProjects) = preSolution
		{356E9102-C58B-413D-AF60-DC35BB2B7F76} = {B8F820DA-BED2-451B-853D-B5C6244613AC}
		{7202AE62-4818-4A84-A616-DBF4F707278C} = {B8F820DA-BED2-451B-853D-B5C6244613AC}
		{6DE18A9D-17B5-4C0A-90B6-AFB9CD3E5173} = {03AF4105-CC90-4B5E-BF84-6ED97D25AEC6}
		{75875F7B-D446-4B71-915D-B29FAF201DB2} = {356E9102-C58B-413D-AF60-DC35BB2B7F76}
		{A1F2D2B0-228F-4D55-AECE-425D06DAE8E0} = {7202AE62-4818-4A84-A616-DBF4F707278C}
		{EF9D6402-9671-4C88-9DCD-B375F4318B45} = {6DE18A9D-17B5-4C0A-90B6-AFB9CD3E5173}
		{68D222BB-FD95-4A4C-82AC-D2F27E17D7D7} = {03AF4105-CC90-4B5E-BF84-6ED97D25AEC6}
		{0469A6BA-A29F-401E-8B6A-422B21806E8A} = {68D222BB-FD95-4A4C-82AC-D2F27E17D7D7}
		{35E4C354-F579-4A94-BBCB-886EFFF2D001} = {B8F820DA-BED2-451B-853D-B5C6244613AC}
		{8E17C4AB-2246-4112-B612-4A176D5BD49B} = {35E4C354-F579-4A94-BBCB-886EFFF2D001}
		{71651750-FB0C-470F-99E2-E9ABDEFC5765} = {B8F820DA-BED2-451B-853D-B5C6244613AC}
		{B8A2D162-E223-4148-BD33-833522608E5A} = {71651750-FB0C-470F-99E2-E9ABDEFC5765}
		{939234A2-891D-41C6-94C6-8D9D3D0E53DC} = {B8F820DA-BED2-451B-853D-B5C6244613AC}
		{24385628-DC05-4C47-AADB-20C3DA465DD3} = {939234A2-891D-41C6-94C6-8D9D3D0E53DC}
		{539AE89E-A250-4A05-807C-CD3B2D8E5537} = {B8F820DA-BED2-451B-853D-B5C6244613AC}
		{BAE974A9-044E-4BDA-9A14-97C087F0EC6A} = {539AE89E-A250-4A05-807C-CD3B2D8E5537}
		{CA2B4F3F-2F4F-417C-B570-F54EDDFEC23B} = {11CE9532-6F51-439B-8D64-EE5DE6386D6D}
		{FE303C04-0DDE-45AD-ABDB-138A174DF81B} = {CA2B4F3F-2F4F-417C-B570-F54EDDFEC23B}
	EndGlobalSection
	GlobalSection(ExtensibilityGlobals) = postSolution
		SolutionGuid = {926061D0-E1DC-409B-9543-B4BA3E13D3CB}
	EndGlobalSection
EndGlobal
